
Microsoft Visual Studio Solution File, Format Version 12.00
# Visual Studio Version 16
VisualStudioVersion = 16.0.30804.86
MinimumVisualStudioVersion = 10.0.40219.1
Project("{9A19103F-16F7-4668-BE54-9A1E7A4F7556}") = "SalesRecordsDotNet5", "SalesRecordsDotNet5\SalesRecordsDotNet5.csproj", "{75314904-958E-4AAE-A933-D15A83C3F065}"
EndProject
Global
	GlobalSection(SolutionConfigurationPlatforms) = preSolution
		Debug|Any CPU = Debug|Any CPU
		Release|Any CPU = Release|Any CPU
	EndGlobalSection
	GlobalSection(ProjectConfigurationPlatforms) = postSolution
		{75314904-958E-4AAE-A933-D15A83C3F065}.Debug|Any CPU.ActiveCfg = Debug|Any CPU
		{75314904-958E-4AAE-A933-D15A83C3F065}.Debug|Any CPU.Build.0 = Debug|Any CPU
		{75314904-958E-4AAE-A933-D15A83C3F065}.Release|Any CPU.ActiveCfg = Release|Any CPU
		{75314904-958E-4AAE-A933-D15A83C3F065}.Release|Any CPU.Build.0 = Release|Any CPU
	EndGlobalSection
	GlobalSection(SolutionProperties) = preSolution
		HideSolutionNode = FALSE
	EndGlobalSection
	GlobalSection(ExtensibilityGlobals) = postSolution
		SolutionGuid = {2058AD1B-FF0C-4E17-949C-C82FDFF40241}
	EndGlobalSection
EndGlobal
